<?xml version="1.0" encoding="utf-8"?>
<Project ToolsVersion="4.0" xmlns="http://schemas.microsoft.com/developer/msbuild/2003">
  <ItemGroup>
    <Filter Include="Source Files">
      <UniqueIdentifier>{4FC737F1-C7A5-4376-A066-2A32D752A2FF}</UniqueIdentifier>
      <Extensions>cpp;c;cc;cxx;def;odl;idl;hpj;bat;asm;asmx</Extensions>
    </Filter>
    <Filter Include="Header Files">
      <UniqueIdentifier>{93995380-89BD-4b04-88EB-625FBE52EBFB}</UniqueIdentifier>
      <Extensions>h;hh;hpp;hxx;hm;inl;inc;xsd</Extensions>
    </Filter>
    <Filter Include="Resource Files">
      <UniqueIdentifier>{67DA6AB6-F800-4c08-8B7A-83BB121AAD01}</UniqueIdentifier>
      <Extensions>rc;ico;cur;bmp;dlg;rc2;rct;bin;rgs;gif;jpg;jpeg;jpe;resx;tiff;tif;png;wav;mfcribbon-ms</Extensions>
    </Filter>
  </ItemGroup>
  <ItemGroup>
    <ClInclude Include="CU\DLDebug\StackWalker\StackWalker.h">
      <Filter>Header Files</Filter>
    </ClInclude>
    <ClInclude Include="CU\DLDebug\DL_Debug.h">
      <Filter>Header Files</Filter>
    </ClInclude>
    <ClInclude Include="CU\DLDebug\DL_StackWalker.h">
      <Filter>Header Files</Filter>
    </ClInclude>
    <ClInclude Include="CU\GridArray\GridArray.h">
      <Filter>Header Files</Filter>
    </ClInclude>
    <ClInclude Include="CU\GrowingArray\GrowingArray.h">
      <Filter>Header Files</Filter>
    </ClInclude>
    <ClInclude Include="CU\InputWrapper\InputWrapper.h">
      <Filter>Header Files</Filter>
    </ClInclude>
    <ClInclude Include="CU\InputWrapper\SingletonInputWrapper.h">
      <Filter>Header Files</Filter>
    </ClInclude>
    <ClInclude Include="CU\Intersection\Shapes\AABB.h">
      <Filter>Header Files</Filter>
    </ClInclude>
    <ClInclude Include="CU\Intersection\Shapes\BaseShape.h">
      <Filter>Header Files</Filter>
    </ClInclude>
    <ClInclude Include="CU\Intersection\Shapes\Fov90Frustum.h">
      <Filter>Header Files</Filter>
    </ClInclude>
    <ClInclude Include="CU\Intersection\Shapes\LineSegment3D.h">
      <Filter>Header Files</Filter>
    </ClInclude>
    <ClInclude Include="CU\Intersection\Shapes\Sphere.h">
      <Filter>Header Files</Filter>
    </ClInclude>
    <ClInclude Include="CU\Intersection\Shapes2D\AABB2D.h">
      <Filter>Header Files</Filter>
    </ClInclude>
    <ClInclude Include="CU\Intersection\Shapes2D\BaseShape2D.h">
      <Filter>Header Files</Filter>
    </ClInclude>
    <ClInclude Include="CU\Intersection\Shapes2D\Circle2D.h">
      <Filter>Header Files</Filter>
    </ClInclude>
    <ClInclude Include="CU\Intersection\Shapes2D\LineSegment2D.h">
      <Filter>Header Files</Filter>
    </ClInclude>
    <ClInclude Include="CU\Intersection\Intersection2D.h">
      <Filter>Header Files</Filter>
    </ClInclude>
    <ClInclude Include="CU\Intersection\Intersections3D.h">
      <Filter>Header Files</Filter>
    </ClInclude>
    <ClInclude Include="CU\Intersection\Shapes.h">
      <Filter>Header Files</Filter>
    </ClInclude>
    <ClInclude Include="CU\Intersection\Shapes2D.h">
      <Filter>Header Files</Filter>
    </ClInclude>
    <ClInclude Include="CU\Lines And Planes\line.h">
      <Filter>Header Files</Filter>
    </ClInclude>
    <ClInclude Include="CU\Lines And Planes\line_volume.h">
      <Filter>Header Files</Filter>
    </ClInclude>
    <ClInclude Include="CU\Lines And Planes\plane.h">
      <Filter>Header Files</Filter>
    </ClInclude>
    <ClInclude Include="CU\Lines And Planes\plane_volume.h">
      <Filter>Header Files</Filter>
    </ClInclude>
    <ClInclude Include="CU\Macros\Macros.h">
      <Filter>Header Files</Filter>
    </ClInclude>
    <ClInclude Include="CU\Matriser\matrix.h">
      <Filter>Header Files</Filter>
    </ClInclude>
    <ClInclude Include="CU\Matriser\matrix33.h">
      <Filter>Header Files</Filter>
    </ClInclude>
    <ClInclude Include="CU\Matriser\matrix44.h">
      <Filter>Header Files</Filter>
    </ClInclude>
    <ClInclude Include="CU\Observer\ObserverPatternListener.h">
      <Filter>Header Files</Filter>
    </ClInclude>
    <ClInclude Include="CU\Observer\ObserverPatternSubject.h">
      <Filter>Header Files</Filter>
    </ClInclude>
    <ClInclude Include="CU\Queue\ObjectQueue.h">
      <Filter>Header Files</Filter>
    </ClInclude>
    <ClInclude Include="CU\StaticArray\StaticArray.h">
      <Filter>Header Files</Filter>
    </ClInclude>
    <ClInclude Include="CU\Syncronizer\Syncronizer.h">
      <Filter>Header Files</Filter>
    </ClInclude>
    <ClInclude Include="CU\Timer\Alarm.h">
      <Filter>Header Files</Filter>
    </ClInclude>
    <ClInclude Include="CU\Timer\Time.h">
      <Filter>Header Files</Filter>
    </ClInclude>
    <ClInclude Include="CU\Timer\TimeManager.h">
      <Filter>Header Files</Filter>
    </ClInclude>
    <ClInclude Include="CU\Timer\Timer.h">
      <Filter>Header Files</Filter>
    </ClInclude>
    <ClInclude Include="CU\Utility\Randomizer\Randomizer.h">
      <Filter>Header Files</Filter>
    </ClInclude>
    <ClInclude Include="CU\Utility\MathHelper.h">
      <Filter>Header Files</Filter>
    </ClInclude>
    <ClInclude Include="CU\Utility\WindowsFunctions.h">
      <Filter>Header Files</Filter>
    </ClInclude>
    <ClInclude Include="CU\VectonOnStack\VectorOnStack.h">
      <Filter>Header Files</Filter>
    </ClInclude>
    <ClInclude Include="CU\Vectors\Vector.h">
      <Filter>Header Files</Filter>
    </ClInclude>
    <ClInclude Include="CU\Vectors\vector2.h">
      <Filter>Header Files</Filter>
    </ClInclude>
    <ClInclude Include="CU\Vectors\vector3.h">
      <Filter>Header Files</Filter>
    </ClInclude>
    <ClInclude Include="CU\Vectors\vector4.h">
      <Filter>Header Files</Filter>
    </ClInclude>
    <ClInclude Include="CU\NameSpaceAliases.h">
      <Filter>Header Files</Filter>
    </ClInclude>
    <ClInclude Include="CU\StringToData.h">
      <Filter>Header Files</Filter>
    </ClInclude>
    <ClInclude Include="CU\Camera\Camera2D.h">
      <Filter>Header Files</Filter>
    </ClInclude>
    <ClInclude Include="CU\BinaryTree\BinaryTree.h">
      <Filter>Header Files</Filter>
    </ClInclude>
    <ClInclude Include="stdafx.h">
      <Filter>Header Files</Filter>
    </ClInclude>
    <ClInclude Include="CU\Utility\FileHandling.h">
      <Filter>Header Files</Filter>
    </ClInclude>
    <ClInclude Include="CU\Memory Pool\MemoryPool.h">
      <Filter>Header Files</Filter>
    </ClInclude>
    <ClInclude Include="CU\Thread\ThreadHelper.h">
      <Filter>Header Files</Filter>
    </ClInclude>
    <ClInclude Include="CU\Thread\ThreadSynchronizer.h">
      <Filter>Header Files</Filter>
    </ClInclude>
    <ClInclude Include="CU\Hashing\HashUtility.h">
      <Filter>Header Files</Filter>
    </ClInclude>
    <ClInclude Include="CU\Utility\Math\Isometric.h">
      <Filter>Header Files</Filter>
    </ClInclude>
    <ClInclude Include="CU\Intersection\Intersections.h">
      <Filter>Header Files</Filter>
    </ClInclude>
    <ClInclude Include="CU\Heap\Greater.h">
      <Filter>Header Files</Filter>
    </ClInclude>
    <ClInclude Include="CU\Heap\Heap.h">
      <Filter>Header Files</Filter>
    </ClInclude>
    <ClInclude Include="CU\Heap\Lesser.h">
      <Filter>Header Files</Filter>
    </ClInclude>
    <ClInclude Include="CU\Heap\PointerGreater.h">
      <Filter>Header Files</Filter>
    </ClInclude>
    <ClInclude Include="CU\Heap\PointerLesser.h">
      <Filter>Header Files</Filter>
    </ClInclude>
    <ClInclude Include="CU\Utility\CommonCasts.h">
      <Filter>Header Files</Filter>
    </ClInclude>
    <ClInclude Include="CU\Utility\GameSpecificTypeDefs.h">
      <Filter>Header Files</Filter>
    </ClInclude>
    <ClInclude Include="CU\InputWrapper\MouseButtonsEnum.h">
      <Filter>Header Files</Filter>
    </ClInclude>
  </ItemGroup>
  <ItemGroup>
    <ClCompile Include="CU\DLDebug\StackWalker\StackWalker.cpp">
      <Filter>Source Files</Filter>
    </ClCompile>
    <ClCompile Include="CU\DLDebug\DL_Debug.cpp">
      <Filter>Source Files</Filter>
    </ClCompile>
    <ClCompile Include="CU\DLDebug\DL_StackWalker.cpp">
      <Filter>Source Files</Filter>
    </ClCompile>
    <ClCompile Include="CU\InputWrapper\InputWrapper.cpp">
      <Filter>Source Files</Filter>
    </ClCompile>
    <ClCompile Include="CU\InputWrapper\SingletonInputWrapper.cpp">
      <Filter>Source Files</Filter>
    </ClCompile>
    <ClCompile Include="CU\Intersection\Shapes\AABB.cpp">
      <Filter>Source Files</Filter>
    </ClCompile>
    <ClCompile Include="CU\Intersection\Shapes\BaseShape.cpp">
      <Filter>Source Files</Filter>
    </ClCompile>
    <ClCompile Include="CU\Intersection\Shapes\Fov90Frustum.cpp">
      <Filter>Source Files</Filter>
    </ClCompile>
    <ClCompile Include="CU\Intersection\Shapes\LineSegment3D.cpp">
      <Filter>Source Files</Filter>
    </ClCompile>
    <ClCompile Include="CU\Intersection\Shapes\Sphere.cpp">
      <Filter>Source Files</Filter>
    </ClCompile>
    <ClCompile Include="CU\Intersection\Shapes2D\AABB2D.cpp">
      <Filter>Source Files</Filter>
    </ClCompile>
    <ClCompile Include="CU\Intersection\Shapes2D\BaseShape2D.cpp">
      <Filter>Source Files</Filter>
    </ClCompile>
    <ClCompile Include="CU\Intersection\Shapes2D\Circle2D.cpp">
      <Filter>Source Files</Filter>
    </ClCompile>
    <ClCompile Include="CU\Intersection\Shapes2D\LineSegment2D.cpp">
      <Filter>Source Files</Filter>
    </ClCompile>
    <ClCompile Include="CU\Intersection\Intersection2D.cpp">
      <Filter>Source Files</Filter>
    </ClCompile>
    <ClCompile Include="CU\Observer\ObserverPatternListener.cpp">
      <Filter>Source Files</Filter>
    </ClCompile>
    <ClCompile Include="CU\Observer\ObserverPatternSubject.cpp">
      <Filter>Source Files</Filter>
    </ClCompile>
    <ClCompile Include="CU\Timer\Alarm.cpp">
      <Filter>Source Files</Filter>
    </ClCompile>
    <ClCompile Include="CU\Timer\Time.cpp">
      <Filter>Source Files</Filter>
    </ClCompile>
    <ClCompile Include="CU\Timer\TimeManager.cpp">
      <Filter>Source Files</Filter>
    </ClCompile>
    <ClCompile Include="CU\Timer\Timer.cpp">
      <Filter>Source Files</Filter>
    </ClCompile>
    <ClCompile Include="CU\Utility\Randomizer\Randomizer.cpp">
      <Filter>Source Files</Filter>
    </ClCompile>
    <ClCompile Include="CU\Utility\WindowsFunctions.cpp">
      <Filter>Source Files</Filter>
    </ClCompile>
    <ClCompile Include="CU\Camera\Camera2D.cpp">
      <Filter>Source Files</Filter>
    </ClCompile>
    <ClCompile Include="stdafx.cpp">
      <Filter>Source Files</Filter>
    </ClCompile>
    <ClCompile Include="CU\Utility\FileHandling.cpp">
      <Filter>Source Files</Filter>
    </ClCompile>
    <ClCompile Include="CU\Thread\ThreadHelper.cpp">
      <Filter>Source Files</Filter>
    </ClCompile>
    <ClCompile Include="CU\Thread\ThreadSynchronizer.cpp">
      <Filter>Source Files</Filter>
    </ClCompile>
    <ClCompile Include="CU\Utility\Math\Isometric.cpp">
      <Filter>Source Files</Filter>
    </ClCompile>
  </ItemGroup>
  <ItemGroup>
    <None Include="CU\Matriser\matrix33.inl">
      <Filter>Header Files</Filter>
    </None>
    <None Include="CU\Matriser\matrix44.inl">
      <Filter>Header Files</Filter>
    </None>
    <None Include="CU\Syncronizer\Syncronizer.inl">
      <Filter>Header Files</Filter>
    </None>
    <None Include="CU\Vectors\vector2.inl">
      <Filter>Header Files</Filter>
    </None>
    <None Include="CU\Vectors\vector3.inl">
      <Filter>Header Files</Filter>
    </None>
    <None Include="CU\Vectors\vector4.inl">
      <Filter>Header Files</Filter>
    </None>
  </ItemGroup>
</Project>