<?xml version="1.0" encoding="utf-8"?>
<Project ToolsVersion="4.0" xmlns="http://schemas.microsoft.com/developer/msbuild/2003">
  <ItemGroup>
    <Filter Include="Precompiled">
      <UniqueIdentifier>{b07bafa4-d21c-4674-8f50-96a0b05e15ec}</UniqueIdentifier>
    </Filter>
  </ItemGroup>
  <ItemGroup>
    <ClInclude Include="stdafx.h">
      <Filter>Precompiled</Filter>
    </ClInclude>
    <ClInclude Include="targetver.h">
      <Filter>Precompiled</Filter>
    </ClInclude>
    <ClInclude Include="Game.h" />
    <ClInclude Include="GameWorld.h" />
    <ClInclude Include="resource.h">
      <Filter>Precompiled</Filter>
    </ClInclude>
    <ClInclude Include="particleEmitter.h" />
    <ClInclude Include="Animation\Animation.h" />
    <ClInclude Include="particleEmitter.h" />
    <ClInclude Include="Player\Player.h" />
    <ClInclude Include="PlayerController.h" />
    <ClInclude Include="IsometricTile.h" />
  </ItemGroup>
  <ItemGroup>
    <ClCompile Include="stdafx.cpp">
      <Filter>Precompiled</Filter>
    </ClCompile>
    <ClCompile Include="Game.cpp" />
    <ClCompile Include="GameWorld.cpp" />
    <ClCompile Include="Animation\Animation.cpp" />
    <ClCompile Include="Player\Player.cpp" />
    <ClCompile Include="PlayerController.cpp" />
    <ClCompile Include="IsometricTile.cpp" />
  </ItemGroup>
</Project>