
Microsoft Visual Studio Solution File, Format Version 12.00
# Visual Studio 2013
VisualStudioVersion = 12.0.30501.0
MinimumVisualStudioVersion = 10.0.40219.1
Project("{8BC9CEB8-8B4A-11D0-8D11-00A0C91BC942}") = "DX2DEngine", "DX2DEngine\DX2DEngine.vcxproj", "{11F98BF6-7BDB-4CFB-96CF-577DB4AE312F}"
EndProject
Project("{8BC9CEB8-8B4A-11D0-8D11-00A0C91BC942}") = "Game", "Game\Game.vcxproj", "{9426BF5B-A0A8-48EB-9E45-DA9BBB4276F2}"
	ProjectSection(ProjectDependencies) = postProject
		{11F98BF6-7BDB-4CFB-96CF-577DB4AE312F} = {11F98BF6-7BDB-4CFB-96CF-577DB4AE312F}
	EndProjectSection
EndProject
Project("{8BC9CEB8-8B4A-11D0-8D11-00A0C91BC942}") = "Launcher", "Launcher\Launcher.vcxproj", "{0290BA1A-80E5-4697-96F3-B71216F1F0DF}"
	ProjectSection(ProjectDependencies) = postProject
		{9426BF5B-A0A8-48EB-9E45-DA9BBB4276F2} = {9426BF5B-A0A8-48EB-9E45-DA9BBB4276F2}
	EndProjectSection
EndProject
Project("{8BC9CEB8-8B4A-11D0-8D11-00A0C91BC942}") = "CommonUtilities", "CommonUtilities\CommonUtilities.vcxproj", "{A41E3ED6-A914-40B1-B1E9-9551E0CC7EAB}"
EndProject
Project("{8BC9CEB8-8B4A-11D0-8D11-00A0C91BC942}") = "PostMaster", "PostMaster\PostMaster.vcxproj", "{667E0CB3-DCAD-4EE5-A6E3-871ECBE3AB16}"
EndProject
Project("{8BC9CEB8-8B4A-11D0-8D11-00A0C91BC942}") = "JSONParser", "JSONParser\JSONParser.vcxproj", "{E94E2940-E22D-495F-9DA6-D2895858FA0E}"
EndProject
Project("{8BC9CEB8-8B4A-11D0-8D11-00A0C91BC942}") = "Audio", "Audio\Audio.vcxproj", "{58B80636-B81A-4FC6-A5D1-1F6A8CC28617}"
EndProject
Project("{8BC9CEB8-8B4A-11D0-8D11-00A0C91BC942}") = "Renderer", "Renderer\Renderer.vcxproj", "{307DC057-1CBA-4A4B-A7CF-FB5CE0F1571E}"
EndProject
Project("{8BC9CEB8-8B4A-11D0-8D11-00A0C91BC942}") = "PostMessages", "PostMessages\PostMessages.vcxproj", "{12FFE2CE-8CED-46FE-9B19-76F780675F10}"
EndProject
Project("{8BC9CEB8-8B4A-11D0-8D11-00A0C91BC942}") = "ThreadPool", "ThreadPool\ThreadPool.vcxproj", "{C8AF6E8B-88CA-4A10-912D-36197AC37DCA}"
EndProject
Project("{8BC9CEB8-8B4A-11D0-8D11-00A0C91BC942}") = "StateStack", "StateStack\StateStack.vcxproj", "{9B5C9F6D-CA46-4BEE-950E-5570C2BC5C22}"
EndProject
Project("{8BC9CEB8-8B4A-11D0-8D11-00A0C91BC942}") = "TiledLoading", "TiledLoading\TiledLoading.vcxproj", "{B0E30C9F-422D-4CE9-8617-F3B6792C9CA3}"
EndProject
Project("{8BC9CEB8-8B4A-11D0-8D11-00A0C91BC942}") = "JSONWrapper", "JSONWrapper\JSONWrapper.vcxproj", "{9EB5704F-4985-4A60-A150-3BA7CC2079E2}"
EndProject
Project("{8BC9CEB8-8B4A-11D0-8D11-00A0C91BC942}") = "Factories", "Factories\Factories.vcxproj", "{B4921203-98D8-43E4-8763-4009B00FE688}"
EndProject
Project("{8BC9CEB8-8B4A-11D0-8D11-00A0C91BC942}") = "PathFinding", "PathFinding\PathFinding.vcxproj", "{88878C34-338E-418A-84E3-1438B4EA5786}"
EndProject
Project("{8BC9CEB8-8B4A-11D0-8D11-00A0C91BC942}") = "GameObjects", "GameObjects\GameObjects.vcxproj", "{07FEC30E-AD37-4ADC-AE37-B066481F6B52}"
EndProject
Project("{8BC9CEB8-8B4A-11D0-8D11-00A0C91BC942}") = "Input", "Input\Input.vcxproj", "{5038637E-68CA-47E2-B955-F78E8726CA35}"
EndProject
Project("{8BC9CEB8-8B4A-11D0-8D11-00A0C91BC942}") = "GameStates", "GameStates\GameStates.vcxproj", "{B27097B4-6A3B-48B0-851F-3781A986BE76}"
EndProject
Project("{8BC9CEB8-8B4A-11D0-8D11-00A0C91BC942}") = "CollisionHandling", "CollisionHandling\CollisionHandling.vcxproj", "{8CE9ACC7-5F0B-4710-957E-9B9A77F6D964}"
EndProject
Project("{8BC9CEB8-8B4A-11D0-8D11-00A0C91BC942}") = "TurnManager", "TurnManager\TurnManager.vcxproj", "{F98E4C60-6BC0-4337-B21D-7C5F7520983C}"
EndProject
Global
	GlobalSection(SolutionConfigurationPlatforms) = preSolution
		Debug|Win32 = Debug|Win32
		Debug|x64 = Debug|x64
		DevMode|Win32 = DevMode|Win32
		DevMode|x64 = DevMode|x64
		Release|Win32 = Release|Win32
		Release|x64 = Release|x64
	EndGlobalSection
	GlobalSection(ProjectConfigurationPlatforms) = postSolution
		{11F98BF6-7BDB-4CFB-96CF-577DB4AE312F}.Debug|Win32.ActiveCfg = Debug|Win32
		{11F98BF6-7BDB-4CFB-96CF-577DB4AE312F}.Debug|Win32.Build.0 = Debug|Win32
		{11F98BF6-7BDB-4CFB-96CF-577DB4AE312F}.Debug|x64.ActiveCfg = Debug|x64
		{11F98BF6-7BDB-4CFB-96CF-577DB4AE312F}.Debug|x64.Build.0 = Debug|x64
		{11F98BF6-7BDB-4CFB-96CF-577DB4AE312F}.DevMode|Win32.ActiveCfg = Release|Win32
		{11F98BF6-7BDB-4CFB-96CF-577DB4AE312F}.DevMode|Win32.Build.0 = Release|Win32
		{11F98BF6-7BDB-4CFB-96CF-577DB4AE312F}.DevMode|x64.ActiveCfg = Debug|x64
		{11F98BF6-7BDB-4CFB-96CF-577DB4AE312F}.DevMode|x64.Build.0 = Debug|x64
		{11F98BF6-7BDB-4CFB-96CF-577DB4AE312F}.Release|Win32.ActiveCfg = Release|Win32
		{11F98BF6-7BDB-4CFB-96CF-577DB4AE312F}.Release|Win32.Build.0 = Release|Win32
		{11F98BF6-7BDB-4CFB-96CF-577DB4AE312F}.Release|x64.ActiveCfg = Release|x64
		{11F98BF6-7BDB-4CFB-96CF-577DB4AE312F}.Release|x64.Build.0 = Release|x64
		{9426BF5B-A0A8-48EB-9E45-DA9BBB4276F2}.Debug|Win32.ActiveCfg = Debug|Win32
		{9426BF5B-A0A8-48EB-9E45-DA9BBB4276F2}.Debug|Win32.Build.0 = Debug|Win32
		{9426BF5B-A0A8-48EB-9E45-DA9BBB4276F2}.Debug|x64.ActiveCfg = Debug|x64
		{9426BF5B-A0A8-48EB-9E45-DA9BBB4276F2}.Debug|x64.Build.0 = Debug|x64
		{9426BF5B-A0A8-48EB-9E45-DA9BBB4276F2}.DevMode|Win32.ActiveCfg = DevMode|Win32
		{9426BF5B-A0A8-48EB-9E45-DA9BBB4276F2}.DevMode|Win32.Build.0 = DevMode|Win32
		{9426BF5B-A0A8-48EB-9E45-DA9BBB4276F2}.DevMode|x64.ActiveCfg = DevMode|x64
		{9426BF5B-A0A8-48EB-9E45-DA9BBB4276F2}.DevMode|x64.Build.0 = DevMode|x64
		{9426BF5B-A0A8-48EB-9E45-DA9BBB4276F2}.Release|Win32.ActiveCfg = Release|Win32
		{9426BF5B-A0A8-48EB-9E45-DA9BBB4276F2}.Release|Win32.Build.0 = Release|Win32
		{9426BF5B-A0A8-48EB-9E45-DA9BBB4276F2}.Release|x64.ActiveCfg = Release|x64
		{9426BF5B-A0A8-48EB-9E45-DA9BBB4276F2}.Release|x64.Build.0 = Release|x64
		{0290BA1A-80E5-4697-96F3-B71216F1F0DF}.Debug|Win32.ActiveCfg = Debug|Win32
		{0290BA1A-80E5-4697-96F3-B71216F1F0DF}.Debug|Win32.Build.0 = Debug|Win32
		{0290BA1A-80E5-4697-96F3-B71216F1F0DF}.Debug|x64.ActiveCfg = Debug|x64
		{0290BA1A-80E5-4697-96F3-B71216F1F0DF}.Debug|x64.Build.0 = Debug|x64
		{0290BA1A-80E5-4697-96F3-B71216F1F0DF}.DevMode|Win32.ActiveCfg = DevMode|Win32
		{0290BA1A-80E5-4697-96F3-B71216F1F0DF}.DevMode|Win32.Build.0 = DevMode|Win32
		{0290BA1A-80E5-4697-96F3-B71216F1F0DF}.DevMode|x64.ActiveCfg = DevMode|x64
		{0290BA1A-80E5-4697-96F3-B71216F1F0DF}.DevMode|x64.Build.0 = DevMode|x64
		{0290BA1A-80E5-4697-96F3-B71216F1F0DF}.Release|Win32.ActiveCfg = Release|Win32
		{0290BA1A-80E5-4697-96F3-B71216F1F0DF}.Release|Win32.Build.0 = Release|Win32
		{0290BA1A-80E5-4697-96F3-B71216F1F0DF}.Release|x64.ActiveCfg = Release|x64
		{0290BA1A-80E5-4697-96F3-B71216F1F0DF}.Release|x64.Build.0 = Release|x64
		{A41E3ED6-A914-40B1-B1E9-9551E0CC7EAB}.Debug|Win32.ActiveCfg = Debug|Win32
		{A41E3ED6-A914-40B1-B1E9-9551E0CC7EAB}.Debug|Win32.Build.0 = Debug|Win32
		{A41E3ED6-A914-40B1-B1E9-9551E0CC7EAB}.Debug|x64.ActiveCfg = Debug|x64
		{A41E3ED6-A914-40B1-B1E9-9551E0CC7EAB}.Debug|x64.Build.0 = Debug|x64
		{A41E3ED6-A914-40B1-B1E9-9551E0CC7EAB}.DevMode|Win32.ActiveCfg = DevMode|Win32
		{A41E3ED6-A914-40B1-B1E9-9551E0CC7EAB}.DevMode|Win32.Build.0 = DevMode|Win32
		{A41E3ED6-A914-40B1-B1E9-9551E0CC7EAB}.DevMode|x64.ActiveCfg = DevMode|x64
		{A41E3ED6-A914-40B1-B1E9-9551E0CC7EAB}.DevMode|x64.Build.0 = DevMode|x64
		{A41E3ED6-A914-40B1-B1E9-9551E0CC7EAB}.Release|Win32.ActiveCfg = Release|Win32
		{A41E3ED6-A914-40B1-B1E9-9551E0CC7EAB}.Release|Win32.Build.0 = Release|Win32
		{A41E3ED6-A914-40B1-B1E9-9551E0CC7EAB}.Release|x64.ActiveCfg = Release|x64
		{A41E3ED6-A914-40B1-B1E9-9551E0CC7EAB}.Release|x64.Build.0 = Release|x64
		{667E0CB3-DCAD-4EE5-A6E3-871ECBE3AB16}.Debug|Win32.ActiveCfg = Debug|Win32
		{667E0CB3-DCAD-4EE5-A6E3-871ECBE3AB16}.Debug|Win32.Build.0 = Debug|Win32
		{667E0CB3-DCAD-4EE5-A6E3-871ECBE3AB16}.Debug|x64.ActiveCfg = Debug|Win32
		{667E0CB3-DCAD-4EE5-A6E3-871ECBE3AB16}.DevMode|Win32.ActiveCfg = DevMode|Win32
		{667E0CB3-DCAD-4EE5-A6E3-871ECBE3AB16}.DevMode|Win32.Build.0 = DevMode|Win32
		{667E0CB3-DCAD-4EE5-A6E3-871ECBE3AB16}.DevMode|x64.ActiveCfg = DevMode|Win32
		{667E0CB3-DCAD-4EE5-A6E3-871ECBE3AB16}.Release|Win32.ActiveCfg = Release|Win32
		{667E0CB3-DCAD-4EE5-A6E3-871ECBE3AB16}.Release|Win32.Build.0 = Release|Win32
		{667E0CB3-DCAD-4EE5-A6E3-871ECBE3AB16}.Release|x64.ActiveCfg = Release|Win32
		{E94E2940-E22D-495F-9DA6-D2895858FA0E}.Debug|Win32.ActiveCfg = Debug|Win32
		{E94E2940-E22D-495F-9DA6-D2895858FA0E}.Debug|Win32.Build.0 = Debug|Win32
		{E94E2940-E22D-495F-9DA6-D2895858FA0E}.Debug|x64.ActiveCfg = Debug|x64
		{E94E2940-E22D-495F-9DA6-D2895858FA0E}.Debug|x64.Build.0 = Debug|x64
		{E94E2940-E22D-495F-9DA6-D2895858FA0E}.DevMode|Win32.ActiveCfg = DevMode|Win32
		{E94E2940-E22D-495F-9DA6-D2895858FA0E}.DevMode|Win32.Build.0 = DevMode|Win32
		{E94E2940-E22D-495F-9DA6-D2895858FA0E}.DevMode|x64.ActiveCfg = DevMode|x64
		{E94E2940-E22D-495F-9DA6-D2895858FA0E}.DevMode|x64.Build.0 = DevMode|x64
		{E94E2940-E22D-495F-9DA6-D2895858FA0E}.Release|Win32.ActiveCfg = Release|Win32
		{E94E2940-E22D-495F-9DA6-D2895858FA0E}.Release|Win32.Build.0 = Release|Win32
		{E94E2940-E22D-495F-9DA6-D2895858FA0E}.Release|x64.ActiveCfg = Release|x64
		{E94E2940-E22D-495F-9DA6-D2895858FA0E}.Release|x64.Build.0 = Release|x64
		{58B80636-B81A-4FC6-A5D1-1F6A8CC28617}.Debug|Win32.ActiveCfg = Debug|Win32
		{58B80636-B81A-4FC6-A5D1-1F6A8CC28617}.Debug|Win32.Build.0 = Debug|Win32
		{58B80636-B81A-4FC6-A5D1-1F6A8CC28617}.Debug|x64.ActiveCfg = Debug|Win32
		{58B80636-B81A-4FC6-A5D1-1F6A8CC28617}.DevMode|Win32.ActiveCfg = DevMode|Win32
		{58B80636-B81A-4FC6-A5D1-1F6A8CC28617}.DevMode|Win32.Build.0 = DevMode|Win32
		{58B80636-B81A-4FC6-A5D1-1F6A8CC28617}.DevMode|x64.ActiveCfg = DevMode|Win32
		{58B80636-B81A-4FC6-A5D1-1F6A8CC28617}.Release|Win32.ActiveCfg = Release|Win32
		{58B80636-B81A-4FC6-A5D1-1F6A8CC28617}.Release|Win32.Build.0 = Release|Win32
		{58B80636-B81A-4FC6-A5D1-1F6A8CC28617}.Release|x64.ActiveCfg = Release|Win32
		{307DC057-1CBA-4A4B-A7CF-FB5CE0F1571E}.Debug|Win32.ActiveCfg = Debug|Win32
		{307DC057-1CBA-4A4B-A7CF-FB5CE0F1571E}.Debug|Win32.Build.0 = Debug|Win32
		{307DC057-1CBA-4A4B-A7CF-FB5CE0F1571E}.Debug|x64.ActiveCfg = Debug|x64
		{307DC057-1CBA-4A4B-A7CF-FB5CE0F1571E}.Debug|x64.Build.0 = Debug|x64
		{307DC057-1CBA-4A4B-A7CF-FB5CE0F1571E}.DevMode|Win32.ActiveCfg = DevMode|Win32
		{307DC057-1CBA-4A4B-A7CF-FB5CE0F1571E}.DevMode|Win32.Build.0 = DevMode|Win32
		{307DC057-1CBA-4A4B-A7CF-FB5CE0F1571E}.DevMode|x64.ActiveCfg = DevMode|x64
		{307DC057-1CBA-4A4B-A7CF-FB5CE0F1571E}.DevMode|x64.Build.0 = DevMode|x64
		{307DC057-1CBA-4A4B-A7CF-FB5CE0F1571E}.Release|Win32.ActiveCfg = Release|Win32
		{307DC057-1CBA-4A4B-A7CF-FB5CE0F1571E}.Release|Win32.Build.0 = Release|Win32
		{307DC057-1CBA-4A4B-A7CF-FB5CE0F1571E}.Release|x64.ActiveCfg = Release|x64
		{307DC057-1CBA-4A4B-A7CF-FB5CE0F1571E}.Release|x64.Build.0 = Release|x64
		{12FFE2CE-8CED-46FE-9B19-76F780675F10}.Debug|Win32.ActiveCfg = Debug|Win32
		{12FFE2CE-8CED-46FE-9B19-76F780675F10}.Debug|Win32.Build.0 = Debug|Win32
		{12FFE2CE-8CED-46FE-9B19-76F780675F10}.Debug|x64.ActiveCfg = Debug|x64
		{12FFE2CE-8CED-46FE-9B19-76F780675F10}.Debug|x64.Build.0 = Debug|x64
		{12FFE2CE-8CED-46FE-9B19-76F780675F10}.DevMode|Win32.ActiveCfg = DevMode|Win32
		{12FFE2CE-8CED-46FE-9B19-76F780675F10}.DevMode|Win32.Build.0 = DevMode|Win32
		{12FFE2CE-8CED-46FE-9B19-76F780675F10}.DevMode|x64.ActiveCfg = DevMode|x64
		{12FFE2CE-8CED-46FE-9B19-76F780675F10}.DevMode|x64.Build.0 = DevMode|x64
		{12FFE2CE-8CED-46FE-9B19-76F780675F10}.Release|Win32.ActiveCfg = Release|Win32
		{12FFE2CE-8CED-46FE-9B19-76F780675F10}.Release|Win32.Build.0 = Release|Win32
		{12FFE2CE-8CED-46FE-9B19-76F780675F10}.Release|x64.ActiveCfg = Release|x64
		{12FFE2CE-8CED-46FE-9B19-76F780675F10}.Release|x64.Build.0 = Release|x64
		{C8AF6E8B-88CA-4A10-912D-36197AC37DCA}.Debug|Win32.ActiveCfg = Debug|Win32
		{C8AF6E8B-88CA-4A10-912D-36197AC37DCA}.Debug|Win32.Build.0 = Debug|Win32
		{C8AF6E8B-88CA-4A10-912D-36197AC37DCA}.Debug|x64.ActiveCfg = Debug|Win32
		{C8AF6E8B-88CA-4A10-912D-36197AC37DCA}.DevMode|Win32.ActiveCfg = DevMode|Win32
		{C8AF6E8B-88CA-4A10-912D-36197AC37DCA}.DevMode|Win32.Build.0 = DevMode|Win32
		{C8AF6E8B-88CA-4A10-912D-36197AC37DCA}.DevMode|x64.ActiveCfg = DevMode|Win32
		{C8AF6E8B-88CA-4A10-912D-36197AC37DCA}.Release|Win32.ActiveCfg = Release|Win32
		{C8AF6E8B-88CA-4A10-912D-36197AC37DCA}.Release|Win32.Build.0 = Release|Win32
		{C8AF6E8B-88CA-4A10-912D-36197AC37DCA}.Release|x64.ActiveCfg = Release|Win32
		{9B5C9F6D-CA46-4BEE-950E-5570C2BC5C22}.Debug|Win32.ActiveCfg = Debug|Win32
		{9B5C9F6D-CA46-4BEE-950E-5570C2BC5C22}.Debug|Win32.Build.0 = Debug|Win32
		{9B5C9F6D-CA46-4BEE-950E-5570C2BC5C22}.Debug|x64.ActiveCfg = Debug|Win32
		{9B5C9F6D-CA46-4BEE-950E-5570C2BC5C22}.DevMode|Win32.ActiveCfg = DevMode|Win32
		{9B5C9F6D-CA46-4BEE-950E-5570C2BC5C22}.DevMode|Win32.Build.0 = DevMode|Win32
		{9B5C9F6D-CA46-4BEE-950E-5570C2BC5C22}.DevMode|x64.ActiveCfg = DevMode|Win32
		{9B5C9F6D-CA46-4BEE-950E-5570C2BC5C22}.Release|Win32.ActiveCfg = Release|Win32
		{9B5C9F6D-CA46-4BEE-950E-5570C2BC5C22}.Release|Win32.Build.0 = Release|Win32
		{9B5C9F6D-CA46-4BEE-950E-5570C2BC5C22}.Release|x64.ActiveCfg = Release|Win32
		{B0E30C9F-422D-4CE9-8617-F3B6792C9CA3}.Debug|Win32.ActiveCfg = Debug|Win32
		{B0E30C9F-422D-4CE9-8617-F3B6792C9CA3}.Debug|Win32.Build.0 = Debug|Win32
		{B0E30C9F-422D-4CE9-8617-F3B6792C9CA3}.Debug|x64.ActiveCfg = Debug|Win32
		{B0E30C9F-422D-4CE9-8617-F3B6792C9CA3}.DevMode|Win32.ActiveCfg = DevMode|Win32
		{B0E30C9F-422D-4CE9-8617-F3B6792C9CA3}.DevMode|Win32.Build.0 = DevMode|Win32
		{B0E30C9F-422D-4CE9-8617-F3B6792C9CA3}.DevMode|x64.ActiveCfg = DevMode|Win32
		{B0E30C9F-422D-4CE9-8617-F3B6792C9CA3}.Release|Win32.ActiveCfg = Release|Win32
		{B0E30C9F-422D-4CE9-8617-F3B6792C9CA3}.Release|Win32.Build.0 = Release|Win32
		{B0E30C9F-422D-4CE9-8617-F3B6792C9CA3}.Release|x64.ActiveCfg = Release|Win32
		{9EB5704F-4985-4A60-A150-3BA7CC2079E2}.Debug|Win32.ActiveCfg = Debug|Win32
		{9EB5704F-4985-4A60-A150-3BA7CC2079E2}.Debug|Win32.Build.0 = Debug|Win32
		{9EB5704F-4985-4A60-A150-3BA7CC2079E2}.Debug|x64.ActiveCfg = Debug|Win32
		{9EB5704F-4985-4A60-A150-3BA7CC2079E2}.DevMode|Win32.ActiveCfg = DevMode|Win32
		{9EB5704F-4985-4A60-A150-3BA7CC2079E2}.DevMode|Win32.Build.0 = DevMode|Win32
		{9EB5704F-4985-4A60-A150-3BA7CC2079E2}.DevMode|x64.ActiveCfg = DevMode|Win32
		{9EB5704F-4985-4A60-A150-3BA7CC2079E2}.Release|Win32.ActiveCfg = Release|Win32
		{9EB5704F-4985-4A60-A150-3BA7CC2079E2}.Release|Win32.Build.0 = Release|Win32
		{9EB5704F-4985-4A60-A150-3BA7CC2079E2}.Release|x64.ActiveCfg = Release|Win32
		{B4921203-98D8-43E4-8763-4009B00FE688}.Debug|Win32.ActiveCfg = Debug|Win32
		{B4921203-98D8-43E4-8763-4009B00FE688}.Debug|Win32.Build.0 = Debug|Win32
		{B4921203-98D8-43E4-8763-4009B00FE688}.Debug|x64.ActiveCfg = Debug|Win32
		{B4921203-98D8-43E4-8763-4009B00FE688}.DevMode|Win32.ActiveCfg = DevMode|Win32
		{B4921203-98D8-43E4-8763-4009B00FE688}.DevMode|Win32.Build.0 = DevMode|Win32
		{B4921203-98D8-43E4-8763-4009B00FE688}.DevMode|x64.ActiveCfg = DevMode|Win32
		{B4921203-98D8-43E4-8763-4009B00FE688}.Release|Win32.ActiveCfg = Release|Win32
		{B4921203-98D8-43E4-8763-4009B00FE688}.Release|Win32.Build.0 = Release|Win32
		{B4921203-98D8-43E4-8763-4009B00FE688}.Release|x64.ActiveCfg = Release|Win32
		{88878C34-338E-418A-84E3-1438B4EA5786}.Debug|Win32.ActiveCfg = Debug|Win32
		{88878C34-338E-418A-84E3-1438B4EA5786}.Debug|Win32.Build.0 = Debug|Win32
		{88878C34-338E-418A-84E3-1438B4EA5786}.Debug|x64.ActiveCfg = Debug|Win32
		{88878C34-338E-418A-84E3-1438B4EA5786}.DevMode|Win32.ActiveCfg = Release|Win32
		{88878C34-338E-418A-84E3-1438B4EA5786}.DevMode|Win32.Build.0 = Release|Win32
		{88878C34-338E-418A-84E3-1438B4EA5786}.DevMode|x64.ActiveCfg = Debug|Win32
		{88878C34-338E-418A-84E3-1438B4EA5786}.Release|Win32.ActiveCfg = Release|Win32
		{88878C34-338E-418A-84E3-1438B4EA5786}.Release|Win32.Build.0 = Release|Win32
		{88878C34-338E-418A-84E3-1438B4EA5786}.Release|x64.ActiveCfg = Release|Win32
		{07FEC30E-AD37-4ADC-AE37-B066481F6B52}.Debug|Win32.ActiveCfg = Debug|Win32
		{07FEC30E-AD37-4ADC-AE37-B066481F6B52}.Debug|Win32.Build.0 = Debug|Win32
		{07FEC30E-AD37-4ADC-AE37-B066481F6B52}.Debug|x64.ActiveCfg = Debug|x64
		{07FEC30E-AD37-4ADC-AE37-B066481F6B52}.Debug|x64.Build.0 = Debug|x64
		{07FEC30E-AD37-4ADC-AE37-B066481F6B52}.DevMode|Win32.ActiveCfg = Release|Win32
		{07FEC30E-AD37-4ADC-AE37-B066481F6B52}.DevMode|Win32.Build.0 = Release|Win32
		{07FEC30E-AD37-4ADC-AE37-B066481F6B52}.DevMode|x64.ActiveCfg = Debug|x64
		{07FEC30E-AD37-4ADC-AE37-B066481F6B52}.DevMode|x64.Build.0 = Debug|x64
		{07FEC30E-AD37-4ADC-AE37-B066481F6B52}.Release|Win32.ActiveCfg = Release|Win32
		{07FEC30E-AD37-4ADC-AE37-B066481F6B52}.Release|Win32.Build.0 = Release|Win32
		{07FEC30E-AD37-4ADC-AE37-B066481F6B52}.Release|x64.ActiveCfg = Release|x64
		{07FEC30E-AD37-4ADC-AE37-B066481F6B52}.Release|x64.Build.0 = Release|x64
		{5038637E-68CA-47E2-B955-F78E8726CA35}.Debug|Win32.ActiveCfg = Debug|Win32
		{5038637E-68CA-47E2-B955-F78E8726CA35}.Debug|Win32.Build.0 = Debug|Win32
		{5038637E-68CA-47E2-B955-F78E8726CA35}.Debug|x64.ActiveCfg = Debug|x64
		{5038637E-68CA-47E2-B955-F78E8726CA35}.Debug|x64.Build.0 = Debug|x64
		{5038637E-68CA-47E2-B955-F78E8726CA35}.DevMode|Win32.ActiveCfg = Release|Win32
		{5038637E-68CA-47E2-B955-F78E8726CA35}.DevMode|Win32.Build.0 = Release|Win32
		{5038637E-68CA-47E2-B955-F78E8726CA35}.DevMode|x64.ActiveCfg = Debug|x64
		{5038637E-68CA-47E2-B955-F78E8726CA35}.DevMode|x64.Build.0 = Debug|x64
		{5038637E-68CA-47E2-B955-F78E8726CA35}.Release|Win32.ActiveCfg = Release|Win32
		{5038637E-68CA-47E2-B955-F78E8726CA35}.Release|Win32.Build.0 = Release|Win32
		{5038637E-68CA-47E2-B955-F78E8726CA35}.Release|x64.ActiveCfg = Release|x64
		{5038637E-68CA-47E2-B955-F78E8726CA35}.Release|x64.Build.0 = Release|x64
		{B27097B4-6A3B-48B0-851F-3781A986BE76}.Debug|Win32.ActiveCfg = Debug|Win32
		{B27097B4-6A3B-48B0-851F-3781A986BE76}.Debug|Win32.Build.0 = Debug|Win32
		{B27097B4-6A3B-48B0-851F-3781A986BE76}.Debug|x64.ActiveCfg = Debug|x64
		{B27097B4-6A3B-48B0-851F-3781A986BE76}.Debug|x64.Build.0 = Debug|x64
		{B27097B4-6A3B-48B0-851F-3781A986BE76}.DevMode|Win32.ActiveCfg = Release|Win32
		{B27097B4-6A3B-48B0-851F-3781A986BE76}.DevMode|Win32.Build.0 = Release|Win32
		{B27097B4-6A3B-48B0-851F-3781A986BE76}.DevMode|x64.ActiveCfg = Debug|x64
		{B27097B4-6A3B-48B0-851F-3781A986BE76}.DevMode|x64.Build.0 = Debug|x64
		{B27097B4-6A3B-48B0-851F-3781A986BE76}.Release|Win32.ActiveCfg = Release|Win32
		{B27097B4-6A3B-48B0-851F-3781A986BE76}.Release|Win32.Build.0 = Release|Win32
		{B27097B4-6A3B-48B0-851F-3781A986BE76}.Release|x64.ActiveCfg = Release|x64
		{B27097B4-6A3B-48B0-851F-3781A986BE76}.Release|x64.Build.0 = Release|x64
		{8CE9ACC7-5F0B-4710-957E-9B9A77F6D964}.Debug|Win32.ActiveCfg = Debug|Win32
		{8CE9ACC7-5F0B-4710-957E-9B9A77F6D964}.Debug|Win32.Build.0 = Debug|Win32
		{8CE9ACC7-5F0B-4710-957E-9B9A77F6D964}.Debug|x64.ActiveCfg = Debug|x64
		{8CE9ACC7-5F0B-4710-957E-9B9A77F6D964}.Debug|x64.Build.0 = Debug|x64
		{8CE9ACC7-5F0B-4710-957E-9B9A77F6D964}.DevMode|Win32.ActiveCfg = Release|Win32
		{8CE9ACC7-5F0B-4710-957E-9B9A77F6D964}.DevMode|Win32.Build.0 = Release|Win32
		{8CE9ACC7-5F0B-4710-957E-9B9A77F6D964}.DevMode|x64.ActiveCfg = Debug|x64
		{8CE9ACC7-5F0B-4710-957E-9B9A77F6D964}.DevMode|x64.Build.0 = Debug|x64
		{8CE9ACC7-5F0B-4710-957E-9B9A77F6D964}.Release|Win32.ActiveCfg = Release|Win32
		{8CE9ACC7-5F0B-4710-957E-9B9A77F6D964}.Release|Win32.Build.0 = Release|Win32
		{8CE9ACC7-5F0B-4710-957E-9B9A77F6D964}.Release|x64.ActiveCfg = Release|x64
		{8CE9ACC7-5F0B-4710-957E-9B9A77F6D964}.Release|x64.Build.0 = Release|x64
		{F98E4C60-6BC0-4337-B21D-7C5F7520983C}.Debug|Win32.ActiveCfg = Debug|Win32
		{F98E4C60-6BC0-4337-B21D-7C5F7520983C}.Debug|Win32.Build.0 = Debug|Win32
		{F98E4C60-6BC0-4337-B21D-7C5F7520983C}.Debug|x64.ActiveCfg = Debug|Win32
		{F98E4C60-6BC0-4337-B21D-7C5F7520983C}.DevMode|Win32.ActiveCfg = Release|Win32
		{F98E4C60-6BC0-4337-B21D-7C5F7520983C}.DevMode|Win32.Build.0 = Release|Win32
		{F98E4C60-6BC0-4337-B21D-7C5F7520983C}.DevMode|x64.ActiveCfg = Debug|Win32
		{F98E4C60-6BC0-4337-B21D-7C5F7520983C}.Release|Win32.ActiveCfg = Release|Win32
		{F98E4C60-6BC0-4337-B21D-7C5F7520983C}.Release|Win32.Build.0 = Release|Win32
		{F98E4C60-6BC0-4337-B21D-7C5F7520983C}.Release|x64.ActiveCfg = Release|Win32
	EndGlobalSection
	GlobalSection(SolutionProperties) = preSolution
		HideSolutionNode = FALSE
	EndGlobalSection
EndGlobal
